{"format_version":"1.0","provider_schemas":{"registry.terraform.io/kraftcloud/kraftcloud":{"provider":{"version":0,"block":{"attributes":{"metro":{"type":"string","description":"API metro","description_kind":"markdown","optional":true},"token":{"type":"string","description":"API token","description_kind":"markdown","optional":true,"sensitive":true}},"description":"Manage unikernel instances on KraftCloud.","description_kind":"markdown"}},"resource_schemas":{"kraftcloud_instance":{"version":0,"block":{"attributes":{"args":{"type":["list","string"],"description_kind":"plain","optional":true},"autostart":{"type":"bool","description_kind":"plain","optional":true},"boot_time_us":{"type":"number","description_kind":"plain","computed":true},"created_at":{"type":"string","description_kind":"plain","computed":true},"dns":{"type":"string","description_kind":"plain","computed":true},"env":{"type":["map","string"],"description_kind":"plain","computed":true},"handlers":{"type":["set","string"],"description_kind":"plain","optional":true,"computed":true},"image":{"type":"string","description_kind":"plain","required":true},"internal_port":{"type":"number","description_kind":"plain","optional":true,"computed":true},"memory_mb":{"type":"number","description_kind":"plain","optional":true,"computed":true},"port":{"type":"number","description_kind":"plain","required":true},"private_ip":{"type":"string","description_kind":"plain","computed":true},"service_group":{"type":"string","description_kind":"plain","computed":true},"state":{"type":"string","description_kind":"plain","computed":true},"uuid":{"type":"string","description":"Unique identifier of the instance","description_kind":"markdown","computed":true}},"description":"Allows the creation of KraftCloud instances.","description_kind":"markdown"}}},"data_source_schemas":{"kraftcloud_instance":{"version":0,"block":{"attributes":{"args":{"type":["list","string"],"description_kind":"plain","computed":true},"boot_time_us":{"type":"number","description_kind":"plain","computed":true},"created_at":{"type":"string","description_kind":"plain","computed":true},"dns":{"type":"string","description_kind":"plain","computed":true},"env":{"type":["map","string"],"description_kind":"plain","computed":true},"image":{"type":"string","description_kind":"plain","computed":true},"memory_mb":{"type":"number","description_kind":"plain","computed":true},"network_interfaces":{"nested_type":{"attributes":{"mac":{"type":"string","description_kind":"plain","computed":true},"private_ip":{"type":"string","description_kind":"plain","computed":true},"uuid":{"type":"string","description_kind":"plain","computed":true}},"nesting_mode":"list"},"description_kind":"plain","computed":true},"private_ip":{"type":"string","description_kind":"plain","computed":true},"service_group":{"type":"string","description_kind":"plain","computed":true},"state":{"type":"string","description_kind":"plain","computed":true},"uuid":{"type":"string","description":"Unique identifier of the [instance](https://docs.kraft.cloud/002-rest-api-v1-instances.html)","description_kind":"markdown","required":true}},"description":"Provides status information about a KraftCloud instance.","description_kind":"markdown"}},"kraftcloud_instances":{"version":0,"block":{"attributes":{"states":{"type":["set","string"],"description":"Filter instances based on their current [state](https://docs.kraft.cloud/002-rest-api-v1-instances.html#instance-states)","description_kind":"markdown","optional":true},"uuids":{"type":["list","string"],"description_kind":"plain","computed":true}},"description":"Provides UUIDs of existing KraftCloud instances.","description_kind":"markdown"}}}}}}
